<Solution>
  <Folder Name="/src/">
    <Project Path="src/SwiftBets.Offer.Api/SwiftBets.Offer.Api.csproj" />
    <Project Path="src/SwiftBets.Offer.Application/SwiftBets.Offer.Application.csproj" />
    <Project Path="src/SwiftBets.Offer.Domain/SwiftBets.Offer.Domain.csproj" />
    <Project Path="src/SwiftBets.Offer.Infrastructure/SwiftBets.Offer.Infrastructure.csproj" />
    <Project Path="src/SwiftBets.Offer.Migrator/SwiftBets.Offer.Migrator.csproj" />
  </Folder>
  <Folder Name="/tests/">
    <Project Path="tests/SwiftBets.Offer.Api.Tests/SwiftBets.Offer.Api.Tests.csproj" />
    <Project Path="tests/SwiftBets.Offer.Application.Tests/SwiftBets.Offer.Application.Tests.csproj" />
    <Project Path="tests/SwiftBets.Offer.ArchitectureTests/SwiftBets.Offer.ArchitectureTests.csproj" />
    <Project Path="tests/SwiftBets.Offer.Domain.Tests/SwiftBets.Offer.Domain.Tests.csproj" />
    <Project Path="tests/SwiftBets.Offer.Infrastructure.Tests/SwiftBets.Offer.Infrastructure.Tests.csproj" />
  </Folder>
</Solution>
